
Microsoft Visual Studio Solution File, Format Version 12.00
# Visual Studio Version 17
VisualStudioVersion = 17.0.31903.59
MinimumVisualStudioVersion = 10.0.40219.1
Project("{2150E333-8FDC-42A3-9474-1A3956D46DE8}") = "src", "src", "{E6438BE1-802C-4522-8476-7999DA1F5201}"
EndProject
Project("{FAE04EC0-301F-11D3-BF4B-00C04F79EFBC}") = "AuctionService", "src\AuctionService\AuctionService.csproj", "{3C1ACB4D-AB03-463A-B2C2-F3934D8547E7}"
EndProject
Project("{FAE04EC0-301F-11D3-BF4B-00C04F79EFBC}") = "SearchService", "src\SearchService\SearchService.csproj", "{F29E5660-4F54-462C-B979-1D613525744B}"
EndProject
Project("{FAE04EC0-301F-11D3-BF4B-00C04F79EFBC}") = "Contracts", "src\Contracts\Contracts.csproj", "{1A5046CE-4616-4CB8-9FFE-3E5078C4C4F9}"
EndProject
Project("{FAE04EC0-301F-11D3-BF4B-00C04F79EFBC}") = "IdentityService", "src\IdentityService\IdentityService.csproj", "{941E9A61-0A0D-49A0-AD12-8D4C31D98865}"
EndProject
Project("{FAE04EC0-301F-11D3-BF4B-00C04F79EFBC}") = "GatewayService", "src\GatewayService\GatewayService.csproj", "{16E84022-CE3D-411C-BBDC-BEB63F4A2E96}"
EndProject
Global
	GlobalSection(SolutionConfigurationPlatforms) = preSolution
		Debug|Any CPU = Debug|Any CPU
		Release|Any CPU = Release|Any CPU
	EndGlobalSection
	GlobalSection(SolutionProperties) = preSolution
		HideSolutionNode = FALSE
	EndGlobalSection
	GlobalSection(ProjectConfigurationPlatforms) = postSolution
		{979919C6-7CBE-4EE1-8D93-52D4EDE54D7B}.Debug|Any CPU.ActiveCfg = Debug|Any CPU
		{979919C6-7CBE-4EE1-8D93-52D4EDE54D7B}.Debug|Any CPU.Build.0 = Debug|Any CPU
		{979919C6-7CBE-4EE1-8D93-52D4EDE54D7B}.Release|Any CPU.ActiveCfg = Release|Any CPU
		{979919C6-7CBE-4EE1-8D93-52D4EDE54D7B}.Release|Any CPU.Build.0 = Release|Any CPU
		{3C1ACB4D-AB03-463A-B2C2-F3934D8547E7}.Debug|Any CPU.ActiveCfg = Debug|Any CPU
		{3C1ACB4D-AB03-463A-B2C2-F3934D8547E7}.Debug|Any CPU.Build.0 = Debug|Any CPU
		{3C1ACB4D-AB03-463A-B2C2-F3934D8547E7}.Release|Any CPU.ActiveCfg = Release|Any CPU
		{3C1ACB4D-AB03-463A-B2C2-F3934D8547E7}.Release|Any CPU.Build.0 = Release|Any CPU
		{F29E5660-4F54-462C-B979-1D613525744B}.Debug|Any CPU.ActiveCfg = Debug|Any CPU
		{F29E5660-4F54-462C-B979-1D613525744B}.Debug|Any CPU.Build.0 = Debug|Any CPU
		{F29E5660-4F54-462C-B979-1D613525744B}.Release|Any CPU.ActiveCfg = Release|Any CPU
		{F29E5660-4F54-462C-B979-1D613525744B}.Release|Any CPU.Build.0 = Release|Any CPU
		{1A5046CE-4616-4CB8-9FFE-3E5078C4C4F9}.Debug|Any CPU.ActiveCfg = Debug|Any CPU
		{1A5046CE-4616-4CB8-9FFE-3E5078C4C4F9}.Debug|Any CPU.Build.0 = Debug|Any CPU
		{1A5046CE-4616-4CB8-9FFE-3E5078C4C4F9}.Release|Any CPU.ActiveCfg = Release|Any CPU
		{1A5046CE-4616-4CB8-9FFE-3E5078C4C4F9}.Release|Any CPU.Build.0 = Release|Any CPU
		{941E9A61-0A0D-49A0-AD12-8D4C31D98865}.Debug|Any CPU.ActiveCfg = Debug|Any CPU
		{941E9A61-0A0D-49A0-AD12-8D4C31D98865}.Debug|Any CPU.Build.0 = Debug|Any CPU
		{941E9A61-0A0D-49A0-AD12-8D4C31D98865}.Release|Any CPU.ActiveCfg = Release|Any CPU
		{941E9A61-0A0D-49A0-AD12-8D4C31D98865}.Release|Any CPU.Build.0 = Release|Any CPU
		{16E84022-CE3D-411C-BBDC-BEB63F4A2E96}.Debug|Any CPU.ActiveCfg = Debug|Any CPU
		{16E84022-CE3D-411C-BBDC-BEB63F4A2E96}.Debug|Any CPU.Build.0 = Debug|Any CPU
		{16E84022-CE3D-411C-BBDC-BEB63F4A2E96}.Release|Any CPU.ActiveCfg = Release|Any CPU
		{16E84022-CE3D-411C-BBDC-BEB63F4A2E96}.Release|Any CPU.Build.0 = Release|Any CPU
	EndGlobalSection
	GlobalSection(NestedProjects) = preSolution
		{3C1ACB4D-AB03-463A-B2C2-F3934D8547E7} = {E6438BE1-802C-4522-8476-7999DA1F5201}
		{F29E5660-4F54-462C-B979-1D613525744B} = {E6438BE1-802C-4522-8476-7999DA1F5201}
		{1A5046CE-4616-4CB8-9FFE-3E5078C4C4F9} = {E6438BE1-802C-4522-8476-7999DA1F5201}
		{941E9A61-0A0D-49A0-AD12-8D4C31D98865} = {E6438BE1-802C-4522-8476-7999DA1F5201}
		{16E84022-CE3D-411C-BBDC-BEB63F4A2E96} = {E6438BE1-802C-4522-8476-7999DA1F5201}
	EndGlobalSection
EndGlobal
